
Microsoft Visual Studio Solution File, Format Version 11.00
# Visual Studio 2010
Project("{FAE04EC0-301F-11D3-BF4B-00C04F79EFBC}") = "Demo4", "Demo4\Demo4.csproj", "{0D0AFEE6-8324-45C5-950A-7F37A1F6228E}"
EndProject
Project("{FAE04EC0-301F-11D3-BF4B-00C04F79EFBC}") = "Demo5", "Demo5\Demo5.csproj", "{5475DF71-AF4F-4BDF-BED7-3E09742698AE}"
EndProject
Project("{FAE04EC0-301F-11D3-BF4B-00C04F79EFBC}") = "Demo6", "Demo6\Demo6.csproj", "{3140DE2B-20B7-4D94-90F9-0DC7BF39DF8D}"
EndProject
Global
	GlobalSection(SolutionConfigurationPlatforms) = preSolution
		Debug|Any CPU = Debug|Any CPU
		Debug|Mixed Platforms = Debug|Mixed Platforms
		Debug|x86 = Debug|x86
		Release|Any CPU = Release|Any CPU
		Release|Mixed Platforms = Release|Mixed Platforms
		Release|x86 = Release|x86
	EndGlobalSection
	GlobalSection(ProjectConfigurationPlatforms) = postSolution
		{0D0AFEE6-8324-45C5-950A-7F37A1F6228E}.Debug|Any CPU.ActiveCfg = Debug|x86
		{0D0AFEE6-8324-45C5-950A-7F37A1F6228E}.Debug|Mixed Platforms.ActiveCfg = Debug|x86
		{0D0AFEE6-8324-45C5-950A-7F37A1F6228E}.Debug|Mixed Platforms.Build.0 = Debug|x86
		{0D0AFEE6-8324-45C5-950A-7F37A1F6228E}.Debug|x86.ActiveCfg = Debug|x86
		{0D0AFEE6-8324-45C5-950A-7F37A1F6228E}.Debug|x86.Build.0 = Debug|x86
		{0D0AFEE6-8324-45C5-950A-7F37A1F6228E}.Release|Any CPU.ActiveCfg = Release|x86
		{0D0AFEE6-8324-45C5-950A-7F37A1F6228E}.Release|Mixed Platforms.ActiveCfg = Release|x86
		{0D0AFEE6-8324-45C5-950A-7F37A1F6228E}.Release|Mixed Platforms.Build.0 = Release|x86
		{0D0AFEE6-8324-45C5-950A-7F37A1F6228E}.Release|x86.ActiveCfg = Release|x86
		{0D0AFEE6-8324-45C5-950A-7F37A1F6228E}.Release|x86.Build.0 = Release|x86
		{5475DF71-AF4F-4BDF-BED7-3E09742698AE}.Debug|Any CPU.ActiveCfg = Debug|x86
		{5475DF71-AF4F-4BDF-BED7-3E09742698AE}.Debug|Mixed Platforms.ActiveCfg = Debug|x86
		{5475DF71-AF4F-4BDF-BED7-3E09742698AE}.Debug|Mixed Platforms.Build.0 = Debug|x86
		{5475DF71-AF4F-4BDF-BED7-3E09742698AE}.Debug|x86.ActiveCfg = Debug|x86
		{5475DF71-AF4F-4BDF-BED7-3E09742698AE}.Debug|x86.Build.0 = Debug|x86
		{5475DF71-AF4F-4BDF-BED7-3E09742698AE}.Release|Any CPU.ActiveCfg = Release|x86
		{5475DF71-AF4F-4BDF-BED7-3E09742698AE}.Release|Mixed Platforms.ActiveCfg = Release|x86
		{5475DF71-AF4F-4BDF-BED7-3E09742698AE}.Release|Mixed Platforms.Build.0 = Release|x86
		{5475DF71-AF4F-4BDF-BED7-3E09742698AE}.Release|x86.ActiveCfg = Release|x86
		{5475DF71-AF4F-4BDF-BED7-3E09742698AE}.Release|x86.Build.0 = Release|x86
		{3140DE2B-20B7-4D94-90F9-0DC7BF39DF8D}.Debug|Any CPU.ActiveCfg = Debug|x86
		{3140DE2B-20B7-4D94-90F9-0DC7BF39DF8D}.Debug|Mixed Platforms.ActiveCfg = Debug|x86
		{3140DE2B-20B7-4D94-90F9-0DC7BF39DF8D}.Debug|Mixed Platforms.Build.0 = Debug|x86
		{3140DE2B-20B7-4D94-90F9-0DC7BF39DF8D}.Debug|x86.ActiveCfg = Debug|x86
		{3140DE2B-20B7-4D94-90F9-0DC7BF39DF8D}.Debug|x86.Build.0 = Debug|x86
		{3140DE2B-20B7-4D94-90F9-0DC7BF39DF8D}.Release|Any CPU.ActiveCfg = Release|x86
		{3140DE2B-20B7-4D94-90F9-0DC7BF39DF8D}.Release|Mixed Platforms.ActiveCfg = Release|x86
		{3140DE2B-20B7-4D94-90F9-0DC7BF39DF8D}.Release|Mixed Platforms.Build.0 = Release|x86
		{3140DE2B-20B7-4D94-90F9-0DC7BF39DF8D}.Release|x86.ActiveCfg = Release|x86
		{3140DE2B-20B7-4D94-90F9-0DC7BF39DF8D}.Release|x86.Build.0 = Release|x86
	EndGlobalSection
	GlobalSection(SolutionProperties) = preSolution
		HideSolutionNode = FALSE
	EndGlobalSection
EndGlobal
